
Microsoft Visual Studio Solution File, Format Version 12.00
# Visual Studio 15
VisualStudioVersion = 15.0.28307.271
MinimumVisualStudioVersion = 10.0.40219.1
Project("{FAE04EC0-301F-11D3-BF4B-00C04F79EFBC}") = "Senai.SviGufo.WebApi", "Senai.SviGufo.WebApi\Senai.SviGufo.WebApi.csproj", "{968B4583-80F7-4477-BF77-4E3C42DE6055}"
EndProject
Global
	GlobalSection(SolutionConfigurationPlatforms) = preSolution
		Debug|Any CPU = Debug|Any CPU
		Release|Any CPU = Release|Any CPU
	EndGlobalSection
	GlobalSection(ProjectConfigurationPlatforms) = postSolution
		{968B4583-80F7-4477-BF77-4E3C42DE6055}.Debug|Any CPU.ActiveCfg = Debug|Any CPU
		{968B4583-80F7-4477-BF77-4E3C42DE6055}.Debug|Any CPU.Build.0 = Debug|Any CPU
		{968B4583-80F7-4477-BF77-4E3C42DE6055}.Release|Any CPU.ActiveCfg = Release|Any CPU
		{968B4583-80F7-4477-BF77-4E3C42DE6055}.Release|Any CPU.Build.0 = Release|Any CPU
	EndGlobalSection
	GlobalSection(SolutionProperties) = preSolution
		HideSolutionNode = FALSE
	EndGlobalSection
	GlobalSection(ExtensibilityGlobals) = postSolution
		SolutionGuid = {6A8D1E23-0247-45A7-BB5E-8709C3189D66}
	EndGlobalSection
EndGlobal
